
Microsoft Visual Studio Solution File, Format Version 12.00
# Visual Studio Version 16
VisualStudioVersion = 16.0.31410.357
MinimumVisualStudioVersion = 10.0.40219.1
Project("{FAE04EC0-301F-11D3-BF4B-00C04F79EFBC}") = "Leave-management", "Leave-management\Leave-management.csproj", "{5BBFEE4E-8854-4178-9FD7-456185377556}"
EndProject
Global
	GlobalSection(SolutionConfigurationPlatforms) = preSolution
		Debug|Any CPU = Debug|Any CPU
		Release|Any CPU = Release|Any CPU
	EndGlobalSection
	GlobalSection(ProjectConfigurationPlatforms) = postSolution
		{5BBFEE4E-8854-4178-9FD7-456185377556}.Debug|Any CPU.ActiveCfg = Debug|Any CPU
		{5BBFEE4E-8854-4178-9FD7-456185377556}.Debug|Any CPU.Build.0 = Debug|Any CPU
		{5BBFEE4E-8854-4178-9FD7-456185377556}.Release|Any CPU.ActiveCfg = Release|Any CPU
		{5BBFEE4E-8854-4178-9FD7-456185377556}.Release|Any CPU.Build.0 = Release|Any CPU
	EndGlobalSection
	GlobalSection(SolutionProperties) = preSolution
		HideSolutionNode = FALSE
	EndGlobalSection
	GlobalSection(ExtensibilityGlobals) = postSolution
		SolutionGuid = {72F49600-0ED3-43F8-9238-AA380F764E56}
	EndGlobalSection
EndGlobal
